// !$*UTF8*$!
{
	archiveVersion = 1;
	classes = {
	};
	objectVersion = 46;
	objects = {

/* Begin PBXBuildFile section */
		0905696C1E79C5DD00C3A4A8 /* Apex.framework in Frameworks */ = {isa = PBXBuildFile; fileRef = 090569621E79C5DC00C3A4A8 /* Apex.framework */; };
		090569711E79C5DD00C3A4A8 /* ApexTests.swift in Sources */ = {isa = PBXBuildFile; fileRef = 090569701E79C5DD00C3A4A8 /* ApexTests.swift */; };
		090569731E79C5DD00C3A4A8 /* Apex.h in Headers */ = {isa = PBXBuildFile; fileRef = 090569651E79C5DC00C3A4A8 /* Apex.h */; settings = {ATTRIBUTES = (Public, ); }; };
		0920AFF31FCC68B300215157 /* Command.swift in Sources */ = {isa = PBXBuildFile; fileRef = 0920AFF21FCC68B300215157 /* Command.swift */; };
		09C5D8011E92F3E100305F5C /* Store.swift in Sources */ = {isa = PBXBuildFile; fileRef = 09C5D7FD1E92F3E100305F5C /* Store.swift */; };
		09C5D8041E92F3E100305F5C /* PopPushAlgorithm.swift in Sources */ = {isa = PBXBuildFile; fileRef = 09C5D8001E92F3E100305F5C /* PopPushAlgorithm.swift */; };
		09EB29762076A02900B7DFF7 /* Timer.swift in Sources */ = {isa = PBXBuildFile; fileRef = 09EB29752076A02900B7DFF7 /* Timer.swift */; };
		721C62EB1E7D51B40047A914 /* PopPushTests.swift in Sources */ = {isa = PBXBuildFile; fileRef = 721C62EA1E7D51B40047A914 /* PopPushTests.swift */; };
		726C264E1FE763970041EA8D /* Basic Types.swift in Sources */ = {isa = PBXBuildFile; fileRef = 726C264D1FE763970041EA8D /* Basic Types.swift */; };
		726C26501FE763CD0041EA8D /* URLCommand.swift in Sources */ = {isa = PBXBuildFile; fileRef = 726C264F1FE763CD0041EA8D /* URLCommand.swift */; };
		726C26521FE80E220041EA8D /* BlockCommand.swift in Sources */ = {isa = PBXBuildFile; fileRef = 726C26511FE80E220041EA8D /* BlockCommand.swift */; };
		727B2FA81F804EDB003A325D /* NavigationComponent.swift in Sources */ = {isa = PBXBuildFile; fileRef = 727B2FA71F804EDB003A325D /* NavigationComponent.swift */; };
		727B2FAA1F804F47003A325D /* PushPopExpress.swift in Sources */ = {isa = PBXBuildFile; fileRef = 727B2FA91F804F47003A325D /* PushPopExpress.swift */; };
		72A5A33D1FE5ABCF009FD665 /* Dispatcher.swift in Sources */ = {isa = PBXBuildFile; fileRef = 72A5A33C1FE5ABCF009FD665 /* Dispatcher.swift */; };
		72A5A33F1FE5AEF1009FD665 /* Subscription.swift in Sources */ = {isa = PBXBuildFile; fileRef = 72A5A33E1FE5AEF1009FD665 /* Subscription.swift */; };
		72BB6C6E1F25198B00C42AF1 /* ViewControllerPresentationComponent.swift in Sources */ = {isa = PBXBuildFile; fileRef = 72BB6C6B1F25198B00C42AF1 /* ViewControllerPresentationComponent.swift */; };
		72BB6C7B1F251A6A00C42AF1 /* ApexRecorder.h in Headers */ = {isa = PBXBuildFile; fileRef = 72BB6C791F251A6A00C42AF1 /* ApexRecorder.h */; settings = {ATTRIBUTES = (Public, ); }; };
		72BB6C821F251A9A00C42AF1 /* State.swift in Sources */ = {isa = PBXBuildFile; fileRef = 72BB6C811F251A9A00C42AF1 /* State.swift */; };
/* End PBXBuildFile section */

/* Begin PBXContainerItemProxy section */
		0905696D1E79C5DD00C3A4A8 /* PBXContainerItemProxy */ = {
			isa = PBXContainerItemProxy;
			containerPortal = 090569591E79C5DC00C3A4A8 /* Project object */;
			proxyType = 1;
			remoteGlobalIDString = 090569611E79C5DC00C3A4A8;
			remoteInfo = Apex;
		};
/* End PBXContainerItemProxy section */

/* Begin PBXFileReference section */
		090569621E79C5DC00C3A4A8 /* Apex.framework */ = {isa = PBXFileReference; explicitFileType = wrapper.framework; includeInIndex = 0; path = Apex.framework; sourceTree = BUILT_PRODUCTS_DIR; };
		090569651E79C5DC00C3A4A8 /* Apex.h */ = {isa = PBXFileReference; lastKnownFileType = sourcecode.c.h; path = Apex.h; sourceTree = "<group>"; };
		090569661E79C5DC00C3A4A8 /* Info.plist */ = {isa = PBXFileReference; lastKnownFileType = text.plist.xml; path = Info.plist; sourceTree = "<group>"; };
		0905696B1E79C5DD00C3A4A8 /* ApexTests.xctest */ = {isa = PBXFileReference; explicitFileType = wrapper.cfbundle; includeInIndex = 0; path = ApexTests.xctest; sourceTree = BUILT_PRODUCTS_DIR; };
		090569701E79C5DD00C3A4A8 /* ApexTests.swift */ = {isa = PBXFileReference; lastKnownFileType = sourcecode.swift; path = ApexTests.swift; sourceTree = "<group>"; };
		090569721E79C5DD00C3A4A8 /* Info.plist */ = {isa = PBXFileReference; lastKnownFileType = text.plist.xml; path = Info.plist; sourceTree = "<group>"; };
		0920AFF21FCC68B300215157 /* Command.swift */ = {isa = PBXFileReference; fileEncoding = 4; lastKnownFileType = sourcecode.swift; path = Command.swift; sourceTree = "<group>"; };
		09C5D7FD1E92F3E100305F5C /* Store.swift */ = {isa = PBXFileReference; fileEncoding = 4; lastKnownFileType = sourcecode.swift; path = Store.swift; sourceTree = "<group>"; };
		09C5D8001E92F3E100305F5C /* PopPushAlgorithm.swift */ = {isa = PBXFileReference; fileEncoding = 4; lastKnownFileType = sourcecode.swift; path = PopPushAlgorithm.swift; sourceTree = "<group>"; };
		09EB29752076A02900B7DFF7 /* Timer.swift */ = {isa = PBXFileReference; lastKnownFileType = sourcecode.swift; path = Timer.swift; sourceTree = "<group>"; };
		721C62EA1E7D51B40047A914 /* PopPushTests.swift */ = {isa = PBXFileReference; fileEncoding = 4; lastKnownFileType = sourcecode.swift; path = PopPushTests.swift; sourceTree = "<group>"; };
		726C264D1FE763970041EA8D /* Basic Types.swift */ = {isa = PBXFileReference; lastKnownFileType = sourcecode.swift; path = "Basic Types.swift"; sourceTree = "<group>"; };
		726C264F1FE763CD0041EA8D /* URLCommand.swift */ = {isa = PBXFileReference; lastKnownFileType = sourcecode.swift; path = URLCommand.swift; sourceTree = "<group>"; };
		726C26511FE80E220041EA8D /* BlockCommand.swift */ = {isa = PBXFileReference; lastKnownFileType = sourcecode.swift; path = BlockCommand.swift; sourceTree = "<group>"; };
		727B2FA71F804EDB003A325D /* NavigationComponent.swift */ = {isa = PBXFileReference; fileEncoding = 4; lastKnownFileType = sourcecode.swift; path = NavigationComponent.swift; sourceTree = "<group>"; };
		727B2FA91F804F47003A325D /* PushPopExpress.swift */ = {isa = PBXFileReference; lastKnownFileType = sourcecode.swift; path = PushPopExpress.swift; sourceTree = "<group>"; };
		72A5A33C1FE5ABCF009FD665 /* Dispatcher.swift */ = {isa = PBXFileReference; lastKnownFileType = sourcecode.swift; path = Dispatcher.swift; sourceTree = "<group>"; };
		72A5A33E1FE5AEF1009FD665 /* Subscription.swift */ = {isa = PBXFileReference; lastKnownFileType = sourcecode.swift; path = Subscription.swift; sourceTree = "<group>"; };
		72BB6C6B1F25198B00C42AF1 /* ViewControllerPresentationComponent.swift */ = {isa = PBXFileReference; fileEncoding = 4; lastKnownFileType = sourcecode.swift; path = ViewControllerPresentationComponent.swift; sourceTree = "<group>"; };
		72BB6C771F251A6A00C42AF1 /* ApexRecorder.framework */ = {isa = PBXFileReference; explicitFileType = wrapper.framework; includeInIndex = 0; path = ApexRecorder.framework; sourceTree = BUILT_PRODUCTS_DIR; };
		72BB6C791F251A6A00C42AF1 /* ApexRecorder.h */ = {isa = PBXFileReference; lastKnownFileType = sourcecode.c.h; path = ApexRecorder.h; sourceTree = "<group>"; };
		72BB6C7A1F251A6A00C42AF1 /* Info.plist */ = {isa = PBXFileReference; lastKnownFileType = text.plist.xml; path = Info.plist; sourceTree = "<group>"; };
		72BB6C811F251A9A00C42AF1 /* State.swift */ = {isa = PBXFileReference; fileEncoding = 4; lastKnownFileType = sourcecode.swift; path = State.swift; sourceTree = "<group>"; };
/* End PBXFileReference section */

/* Begin PBXFrameworksBuildPhase section */
		0905695E1E79C5DC00C3A4A8 /* Frameworks */ = {
			isa = PBXFrameworksBuildPhase;
			buildActionMask = 2147483647;
			files = (
			);
			runOnlyForDeploymentPostprocessing = 0;
		};
		090569681E79C5DD00C3A4A8 /* Frameworks */ = {
			isa = PBXFrameworksBuildPhase;
			buildActionMask = 2147483647;
			files = (
				0905696C1E79C5DD00C3A4A8 /* Apex.framework in Frameworks */,
			);
			runOnlyForDeploymentPostprocessing = 0;
		};
		72BB6C731F251A6A00C42AF1 /* Frameworks */ = {
			isa = PBXFrameworksBuildPhase;
			buildActionMask = 2147483647;
			files = (
			);
			runOnlyForDeploymentPostprocessing = 0;
		};
/* End PBXFrameworksBuildPhase section */

/* Begin PBXGroup section */
		090569581E79C5DC00C3A4A8 = {
			isa = PBXGroup;
			children = (
				090569641E79C5DC00C3A4A8 /* Apex */,
				72BB6C781F251A6A00C42AF1 /* ApexRecorder */,
				0905696F1E79C5DD00C3A4A8 /* ApexTests */,
				090569631E79C5DC00C3A4A8 /* Products */,
			);
			sourceTree = "<group>";
		};
		090569631E79C5DC00C3A4A8 /* Products */ = {
			isa = PBXGroup;
			children = (
				090569621E79C5DC00C3A4A8 /* Apex.framework */,
				0905696B1E79C5DD00C3A4A8 /* ApexTests.xctest */,
				72BB6C771F251A6A00C42AF1 /* ApexRecorder.framework */,
			);
			name = Products;
			sourceTree = "<group>";
		};
		090569641E79C5DC00C3A4A8 /* Apex */ = {
			isa = PBXGroup;
			children = (
				09EB29772076A16F00B7DFF7 /* Subscriptions */,
				726C26541FE80E350041EA8D /* Commands */,
				090569651E79C5DC00C3A4A8 /* Apex.h */,
				090569661E79C5DC00C3A4A8 /* Info.plist */,
				726C264D1FE763970041EA8D /* Basic Types.swift */,
				09C5D7FD1E92F3E100305F5C /* Store.swift */,
				0920AFF21FCC68B300215157 /* Command.swift */,
				72A5A33E1FE5AEF1009FD665 /* Subscription.swift */,
				72A5A33C1FE5ABCF009FD665 /* Dispatcher.swift */,
				727B2FA71F804EDB003A325D /* NavigationComponent.swift */,
				72BB6C6B1F25198B00C42AF1 /* ViewControllerPresentationComponent.swift */,
				09C5D8001E92F3E100305F5C /* PopPushAlgorithm.swift */,
			);
			path = Apex;
			sourceTree = "<group>";
		};
		0905696F1E79C5DD00C3A4A8 /* ApexTests */ = {
			isa = PBXGroup;
			children = (
				090569701E79C5DD00C3A4A8 /* ApexTests.swift */,
				721C62EA1E7D51B40047A914 /* PopPushTests.swift */,
				727B2FA91F804F47003A325D /* PushPopExpress.swift */,
				090569721E79C5DD00C3A4A8 /* Info.plist */,
			);
			path = ApexTests;
			sourceTree = "<group>";
		};
		09EB29772076A16F00B7DFF7 /* Subscriptions */ = {
			isa = PBXGroup;
			children = (
				09EB29752076A02900B7DFF7 /* Timer.swift */,
			);
			name = Subscriptions;
			sourceTree = "<group>";
		};
		726C26541FE80E350041EA8D /* Commands */ = {
			isa = PBXGroup;
			children = (
				726C264F1FE763CD0041EA8D /* URLCommand.swift */,
				726C26511FE80E220041EA8D /* BlockCommand.swift */,
			);
			name = Commands;
			sourceTree = "<group>";
		};
		72BB6C781F251A6A00C42AF1 /* ApexRecorder */ = {
			isa = PBXGroup;
			children = (
				72BB6C791F251A6A00C42AF1 /* ApexRecorder.h */,
				72BB6C811F251A9A00C42AF1 /* State.swift */,
				72BB6C7A1F251A6A00C42AF1 /* Info.plist */,
			);
			path = ApexRecorder;
			sourceTree = "<group>";
		};
/* End PBXGroup section */

/* Begin PBXHeadersBuildPhase section */
		0905695F1E79C5DC00C3A4A8 /* Headers */ = {
			isa = PBXHeadersBuildPhase;
			buildActionMask = 2147483647;
			files = (
				090569731E79C5DD00C3A4A8 /* Apex.h in Headers */,
			);
			runOnlyForDeploymentPostprocessing = 0;
		};
		72BB6C741F251A6A00C42AF1 /* Headers */ = {
			isa = PBXHeadersBuildPhase;
			buildActionMask = 2147483647;
			files = (
				72BB6C7B1F251A6A00C42AF1 /* ApexRecorder.h in Headers */,
			);
			runOnlyForDeploymentPostprocessing = 0;
		};
/* End PBXHeadersBuildPhase section */

/* Begin PBXNativeTarget section */
		090569611E79C5DC00C3A4A8 /* Apex */ = {
			isa = PBXNativeTarget;
			buildConfigurationList = 090569761E79C5DD00C3A4A8 /* Build configuration list for PBXNativeTarget "Apex" */;
			buildPhases = (
				0905695D1E79C5DC00C3A4A8 /* Sources */,
				0905695E1E79C5DC00C3A4A8 /* Frameworks */,
				0905695F1E79C5DC00C3A4A8 /* Headers */,
				090569601E79C5DC00C3A4A8 /* Resources */,
			);
			buildRules = (
			);
			dependencies = (
			);
			name = Apex;
			productName = Apex;
			productReference = 090569621E79C5DC00C3A4A8 /* Apex.framework */;
			productType = "com.apple.product-type.framework";
		};
		0905696A1E79C5DD00C3A4A8 /* ApexTests */ = {
			isa = PBXNativeTarget;
			buildConfigurationList = 090569791E79C5DD00C3A4A8 /* Build configuration list for PBXNativeTarget "ApexTests" */;
			buildPhases = (
				090569671E79C5DD00C3A4A8 /* Sources */,
				090569681E79C5DD00C3A4A8 /* Frameworks */,
				090569691E79C5DD00C3A4A8 /* Resources */,
			);
			buildRules = (
			);
			dependencies = (
				0905696E1E79C5DD00C3A4A8 /* PBXTargetDependency */,
			);
			name = ApexTests;
			productName = ApexTests;
			productReference = 0905696B1E79C5DD00C3A4A8 /* ApexTests.xctest */;
			productType = "com.apple.product-type.bundle.unit-test";
		};
		72BB6C761F251A6A00C42AF1 /* ApexRecorder */ = {
			isa = PBXNativeTarget;
			buildConfigurationList = 72BB6C7C1F251A6A00C42AF1 /* Build configuration list for PBXNativeTarget "ApexRecorder" */;
			buildPhases = (
				72BB6C721F251A6A00C42AF1 /* Sources */,
				72BB6C731F251A6A00C42AF1 /* Frameworks */,
				72BB6C741F251A6A00C42AF1 /* Headers */,
				72BB6C751F251A6A00C42AF1 /* Resources */,
			);
			buildRules = (
			);
			dependencies = (
			);
			name = ApexRecorder;
			productName = ApexRecorder;
			productReference = 72BB6C771F251A6A00C42AF1 /* ApexRecorder.framework */;
			productType = "com.apple.product-type.framework";
		};
/* End PBXNativeTarget section */

/* Begin PBXProject section */
		090569591E79C5DC00C3A4A8 /* Project object */ = {
			isa = PBXProject;
			attributes = {
				LastSwiftUpdateCheck = 0820;
				LastUpgradeCheck = 0900;
				ORGANIZATIONNAME = "Daniel Tartaglia";
				TargetAttributes = {
					090569611E79C5DC00C3A4A8 = {
						CreatedOnToolsVersion = 8.2.1;
						DevelopmentTeam = XA4HQLH76F;
						LastSwiftMigration = 0830;
						ProvisioningStyle = Automatic;
					};
					0905696A1E79C5DD00C3A4A8 = {
						CreatedOnToolsVersion = 8.2.1;
						DevelopmentTeam = XA4HQLH76F;
						ProvisioningStyle = Automatic;
					};
					72BB6C761F251A6A00C42AF1 = {
						CreatedOnToolsVersion = 8.3.3;
						DevelopmentTeam = XA4HQLH76F;
						LastSwiftMigration = 0830;
						ProvisioningStyle = Automatic;
					};
				};
			};
			buildConfigurationList = 0905695C1E79C5DC00C3A4A8 /* Build configuration list for PBXProject "Apex" */;
			compatibilityVersion = "Xcode 3.2";
			developmentRegion = English;
			hasScannedForEncodings = 0;
			knownRegions = (
				en,
			);
			mainGroup = 090569581E79C5DC00C3A4A8;
			productRefGroup = 090569631E79C5DC00C3A4A8 /* Products */;
			projectDirPath = "";
			projectRoot = "";
			targets = (
				090569611E79C5DC00C3A4A8 /* Apex */,
				0905696A1E79C5DD00C3A4A8 /* ApexTests */,
				72BB6C761F251A6A00C42AF1 /* ApexRecorder */,
			);
		};
/* End PBXProject section */

/* Begin PBXResourcesBuildPhase section */
		090569601E79C5DC00C3A4A8 /* Resources */ = {
			isa = PBXResourcesBuildPhase;
			buildActionMask = 2147483647;
			files = (
			);
			runOnlyForDeploymentPostprocessing = 0;
		};
		090569691E79C5DD00C3A4A8 /* Resources */ = {
			isa = PBXResourcesBuildPhase;
			buildActionMask = 2147483647;
			files = (
			);
			runOnlyForDeploymentPostprocessing = 0;
		};
		72BB6C751F251A6A00C42AF1 /* Resources */ = {
			isa = PBXResourcesBuildPhase;
			buildActionMask = 2147483647;
			files = (
			);
			runOnlyForDeploymentPostprocessing = 0;
		};
/* End PBXResourcesBuildPhase section */

/* Begin PBXSourcesBuildPhase section */
		0905695D1E79C5DC00C3A4A8 /* Sources */ = {
			isa = PBXSourcesBuildPhase;
			buildActionMask = 2147483647;
			files = (
				726C264E1FE763970041EA8D /* Basic Types.swift in Sources */,
				726C26501FE763CD0041EA8D /* URLCommand.swift in Sources */,
				09C5D8011E92F3E100305F5C /* Store.swift in Sources */,
				09C5D8041E92F3E100305F5C /* PopPushAlgorithm.swift in Sources */,
				72A5A33F1FE5AEF1009FD665 /* Subscription.swift in Sources */,
				72BB6C6E1F25198B00C42AF1 /* ViewControllerPresentationComponent.swift in Sources */,
				727B2FA81F804EDB003A325D /* NavigationComponent.swift in Sources */,
				72A5A33D1FE5ABCF009FD665 /* Dispatcher.swift in Sources */,
				0920AFF31FCC68B300215157 /* Command.swift in Sources */,
				09EB29762076A02900B7DFF7 /* Timer.swift in Sources */,
				726C26521FE80E220041EA8D /* BlockCommand.swift in Sources */,
			);
			runOnlyForDeploymentPostprocessing = 0;
		};
		090569671E79C5DD00C3A4A8 /* Sources */ = {
			isa = PBXSourcesBuildPhase;
			buildActionMask = 2147483647;
			files = (
				090569711E79C5DD00C3A4A8 /* ApexTests.swift in Sources */,
				721C62EB1E7D51B40047A914 /* PopPushTests.swift in Sources */,
				727B2FAA1F804F47003A325D /* PushPopExpress.swift in Sources */,
			);
			runOnlyForDeploymentPostprocessing = 0;
		};
		72BB6C721F251A6A00C42AF1 /* Sources */ = {
			isa = PBXSourcesBuildPhase;
			buildActionMask = 2147483647;
			files = (
				72BB6C821F251A9A00C42AF1 /* State.swift in Sources */,
			);
			runOnlyForDeploymentPostprocessing = 0;
		};
/* End PBXSourcesBuildPhase section */

/* Begin PBXTargetDependency section */
		0905696E1E79C5DD00C3A4A8 /* PBXTargetDependency */ = {
			isa = PBXTargetDependency;
			target = 090569611E79C5DC00C3A4A8 /* Apex */;
			targetProxy = 0905696D1E79C5DD00C3A4A8 /* PBXContainerItemProxy */;
		};
/* End PBXTargetDependency section */

/* Begin XCBuildConfiguration section */
		090569741E79C5DD00C3A4A8 /* Debug */ = {
			isa = XCBuildConfiguration;
			buildSettings = {
				ALWAYS_SEARCH_USER_PATHS = NO;
				CLANG_ANALYZER_NONNULL = YES;
				CLANG_CXX_LANGUAGE_STANDARD = "gnu++0x";
				CLANG_CXX_LIBRARY = "libc++";
				CLANG_ENABLE_MODULES = YES;
				CLANG_ENABLE_OBJC_ARC = YES;
				CLANG_WARN_BLOCK_CAPTURE_AUTORELEASING = YES;
				CLANG_WARN_BOOL_CONVERSION = YES;
				CLANG_WARN_COMMA = YES;
				CLANG_WARN_CONSTANT_CONVERSION = YES;
				CLANG_WARN_DIRECT_OBJC_ISA_USAGE = YES_ERROR;
				CLANG_WARN_DOCUMENTATION_COMMENTS = YES;
				CLANG_WARN_EMPTY_BODY = YES;
				CLANG_WARN_ENUM_CONVERSION = YES;
				CLANG_WARN_INFINITE_RECURSION = YES;
				CLANG_WARN_INT_CONVERSION = YES;
				CLANG_WARN_NON_LITERAL_NULL_CONVERSION = YES;
				CLANG_WARN_OBJC_LITERAL_CONVERSION = YES;
				CLANG_WARN_OBJC_ROOT_CLASS = YES_ERROR;
				CLANG_WARN_RANGE_LOOP_ANALYSIS = YES;
				CLANG_WARN_STRICT_PROTOTYPES = YES;
				CLANG_WARN_SUSPICIOUS_MOVE = YES;
				CLANG_WARN_UNREACHABLE_CODE = YES;
				CLANG_WARN__DUPLICATE_METHOD_MATCH = YES;
				"CODE_SIGN_IDENTITY[sdk=iphoneos*]" = "iPhone Developer";
				COPY_PHASE_STRIP = NO;
				CURRENT_PROJECT_VERSION = 1;
				DEBUG_INFORMATION_FORMAT = dwarf;
				ENABLE_STRICT_OBJC_MSGSEND = YES;
				ENABLE_TESTABILITY = YES;
				GCC_C_LANGUAGE_STANDARD = gnu99;
				GCC_DYNAMIC_NO_PIC = NO;
				GCC_NO_COMMON_BLOCKS = YES;
				GCC_OPTIMIZATION_LEVEL = 0;
				GCC_PREPROCESSOR_DEFINITIONS = (
					"DEBUG=1",
					"$(inherited)",
				);
				GCC_WARN_64_TO_32_BIT_CONVERSION = YES;
				GCC_WARN_ABOUT_RETURN_TYPE = YES_ERROR;
				GCC_WARN_UNDECLARED_SELECTOR = YES;
				GCC_WARN_UNINITIALIZED_AUTOS = YES_AGGRESSIVE;
				GCC_WARN_UNUSED_FUNCTION = YES;
				GCC_WARN_UNUSED_VARIABLE = YES;
				IPHONEOS_DEPLOYMENT_TARGET = 9.3;
				MTL_ENABLE_DEBUG_INFO = YES;
				ONLY_ACTIVE_ARCH = YES;
				SDKROOT = iphoneos;
				SWIFT_ACTIVE_COMPILATION_CONDITIONS = DEBUG;
				SWIFT_OPTIMIZATION_LEVEL = "-Onone";
				TARGETED_DEVICE_FAMILY = "1,2";
				VERSIONING_SYSTEM = "apple-generic";
				VERSION_INFO_PREFIX = "";
			};
			name = Debug;
		};
		090569751E79C5DD00C3A4A8 /* Release */ = {
			isa = XCBuildConfiguration;
			buildSettings = {
				ALWAYS_SEARCH_USER_PATHS = NO;
				CLANG_ANALYZER_NONNULL = YES;
				CLANG_CXX_LANGUAGE_STANDARD = "gnu++0x";
				CLANG_CXX_LIBRARY = "libc++";
				CLANG_ENABLE_MODULES = YES;
				CLANG_ENABLE_OBJC_ARC = YES;
				CLANG_WARN_BLOCK_CAPTURE_AUTORELEASING = YES;
				CLANG_WARN_BOOL_CONVERSION = YES;
				CLANG_WARN_COMMA = YES;
				CLANG_WARN_CONSTANT_CONVERSION = YES;
				CLANG_WARN_DIRECT_OBJC_ISA_USAGE = YES_ERROR;
				CLANG_WARN_DOCUMENTATION_COMMENTS = YES;
				CLANG_WARN_EMPTY_BODY = YES;
				CLANG_WARN_ENUM_CONVERSION = YES;
				CLANG_WARN_INFINITE_RECURSION = YES;
				CLANG_WARN_INT_CONVERSION = YES;
				CLANG_WARN_NON_LITERAL_NULL_CONVERSION = YES;
				CLANG_WARN_OBJC_LITERAL_CONVERSION = YES;
				CLANG_WARN_OBJC_ROOT_CLASS = YES_ERROR;
				CLANG_WARN_RANGE_LOOP_ANALYSIS = YES;
				CLANG_WARN_STRICT_PROTOTYPES = YES;
				CLANG_WARN_SUSPICIOUS_MOVE = YES;
				CLANG_WARN_UNREACHABLE_CODE = YES;
				CLANG_WARN__DUPLICATE_METHOD_MATCH = YES;
				"CODE_SIGN_IDENTITY[sdk=iphoneos*]" = "iPhone Developer";
				COPY_PHASE_STRIP = NO;
				CURRENT_PROJECT_VERSION = 1;
				DEBUG_INFORMATION_FORMAT = "dwarf-with-dsym";
				ENABLE_NS_ASSERTIONS = NO;
				ENABLE_STRICT_OBJC_MSGSEND = YES;
				GCC_C_LANGUAGE_STANDARD = gnu99;
				GCC_NO_COMMON_BLOCKS = YES;
				GCC_WARN_64_TO_32_BIT_CONVERSION = YES;
				GCC_WARN_ABOUT_RETURN_TYPE = YES_ERROR;
				GCC_WARN_UNDECLARED_SELECTOR = YES;
				GCC_WARN_UNINITIALIZED_AUTOS = YES_AGGRESSIVE;
				GCC_WARN_UNUSED_FUNCTION = YES;
				GCC_WARN_UNUSED_VARIABLE = YES;
				IPHONEOS_DEPLOYMENT_TARGET = 9.3;
				MTL_ENABLE_DEBUG_INFO = NO;
				SDKROOT = iphoneos;
				SWIFT_OPTIMIZATION_LEVEL = "-Owholemodule";
				TARGETED_DEVICE_FAMILY = "1,2";
				VALIDATE_PRODUCT = YES;
				VERSIONING_SYSTEM = "apple-generic";
				VERSION_INFO_PREFIX = "";
			};
			name = Release;
		};
		090569771E79C5DD00C3A4A8 /* Debug */ = {
			isa = XCBuildConfiguration;
			buildSettings = {
				CLANG_ENABLE_MODULES = YES;
				CODE_SIGN_IDENTITY = "";
				DEFINES_MODULE = YES;
				DEVELOPMENT_TEAM = XA4HQLH76F;
				DYLIB_COMPATIBILITY_VERSION = 1;
				DYLIB_CURRENT_VERSION = 1;
				DYLIB_INSTALL_NAME_BASE = "@rpath";
				INFOPLIST_FILE = Apex/Info.plist;
				INSTALL_PATH = "$(LOCAL_LIBRARY_DIR)/Frameworks";
				LD_RUNPATH_SEARCH_PATHS = "$(inherited) @executable_path/Frameworks @loader_path/Frameworks";
				PRODUCT_BUNDLE_IDENTIFIER = com.google.danielt1263.Apex;
				PRODUCT_NAME = "$(TARGET_NAME)";
				SKIP_INSTALL = YES;
				SWIFT_OPTIMIZATION_LEVEL = "-Onone";
				SWIFT_VERSION = 3.0;
			};
			name = Debug;
		};
		090569781E79C5DD00C3A4A8 /* Release */ = {
			isa = XCBuildConfiguration;
			buildSettings = {
				CLANG_ENABLE_MODULES = YES;
				CODE_SIGN_IDENTITY = "";
				DEFINES_MODULE = YES;
				DEVELOPMENT_TEAM = XA4HQLH76F;
				DYLIB_COMPATIBILITY_VERSION = 1;
				DYLIB_CURRENT_VERSION = 1;
				DYLIB_INSTALL_NAME_BASE = "@rpath";
				INFOPLIST_FILE = Apex/Info.plist;
				INSTALL_PATH = "$(LOCAL_LIBRARY_DIR)/Frameworks";
				LD_RUNPATH_SEARCH_PATHS = "$(inherited) @executable_path/Frameworks @loader_path/Frameworks";
				PRODUCT_BUNDLE_IDENTIFIER = com.google.danielt1263.Apex;
				PRODUCT_NAME = "$(TARGET_NAME)";
				SKIP_INSTALL = YES;
				SWIFT_VERSION = 3.0;
			};
			name = Release;
		};
		0905697A1E79C5DD00C3A4A8 /* Debug */ = {
			isa = XCBuildConfiguration;
			buildSettings = {
				ALWAYS_EMBED_SWIFT_STANDARD_LIBRARIES = YES;
				DEVELOPMENT_TEAM = XA4HQLH76F;
				INFOPLIST_FILE = ApexTests/Info.plist;
				LD_RUNPATH_SEARCH_PATHS = "$(inherited) @executable_path/Frameworks @loader_path/Frameworks";
				PRODUCT_BUNDLE_IDENTIFIER = com.google.danielt1263.ApexTests;
				PRODUCT_NAME = "$(TARGET_NAME)";
				SWIFT_VERSION = 3.0;
			};
			name = Debug;
		};
		0905697B1E79C5DD00C3A4A8 /* Release */ = {
			isa = XCBuildConfiguration;
			buildSettings = {
				ALWAYS_EMBED_SWIFT_STANDARD_LIBRARIES = YES;
				DEVELOPMENT_TEAM = XA4HQLH76F;
				INFOPLIST_FILE = ApexTests/Info.plist;
				LD_RUNPATH_SEARCH_PATHS = "$(inherited) @executable_path/Frameworks @loader_path/Frameworks";
				PRODUCT_BUNDLE_IDENTIFIER = com.google.danielt1263.ApexTests;
				PRODUCT_NAME = "$(TARGET_NAME)";
				SWIFT_VERSION = 3.0;
			};
			name = Release;
		};
		72BB6C7D1F251A6A00C42AF1 /* Debug */ = {
			isa = XCBuildConfiguration;
			buildSettings = {
				CLANG_ANALYZER_NUMBER_OBJECT_CONVERSION = YES_AGGRESSIVE;
				CLANG_ENABLE_MODULES = YES;
				CODE_SIGN_IDENTITY = "";
				DEFINES_MODULE = YES;
				DEVELOPMENT_TEAM = XA4HQLH76F;
				DYLIB_COMPATIBILITY_VERSION = 1;
				DYLIB_CURRENT_VERSION = 1;
				DYLIB_INSTALL_NAME_BASE = "@rpath";
				INFOPLIST_FILE = ApexRecorder/Info.plist;
				INSTALL_PATH = "$(LOCAL_LIBRARY_DIR)/Frameworks";
				IPHONEOS_DEPLOYMENT_TARGET = 10.3;
				LD_RUNPATH_SEARCH_PATHS = "$(inherited) @executable_path/Frameworks @loader_path/Frameworks";
				PRODUCT_BUNDLE_IDENTIFIER = com.gmail.danielt1263.ApexRecorder;
				PRODUCT_NAME = "$(TARGET_NAME)";
				SKIP_INSTALL = YES;
				SWIFT_OPTIMIZATION_LEVEL = "-Onone";
				SWIFT_VERSION = 3.0;
			};
			name = Debug;
		};
		72BB6C7E1F251A6A00C42AF1 /* Release */ = {
			isa = XCBuildConfiguration;
			buildSettings = {
				CLANG_ANALYZER_NUMBER_OBJECT_CONVERSION = YES_AGGRESSIVE;
				CLANG_ENABLE_MODULES = YES;
				CODE_SIGN_IDENTITY = "";
				DEFINES_MODULE = YES;
				DEVELOPMENT_TEAM = XA4HQLH76F;
				DYLIB_COMPATIBILITY_VERSION = 1;
				DYLIB_CURRENT_VERSION = 1;
				DYLIB_INSTALL_NAME_BASE = "@rpath";
				INFOPLIST_FILE = ApexRecorder/Info.plist;
				INSTALL_PATH = "$(LOCAL_LIBRARY_DIR)/Frameworks";
				IPHONEOS_DEPLOYMENT_TARGET = 10.3;
				LD_RUNPATH_SEARCH_PATHS = "$(inherited) @executable_path/Frameworks @loader_path/Frameworks";
				PRODUCT_BUNDLE_IDENTIFIER = com.gmail.danielt1263.ApexRecorder;
				PRODUCT_NAME = "$(TARGET_NAME)";
				SKIP_INSTALL = YES;
				SWIFT_VERSION = 3.0;
			};
			name = Release;
		};
/* End XCBuildConfiguration section */

/* Begin XCConfigurationList section */
		0905695C1E79C5DC00C3A4A8 /* Build configuration list for PBXProject "Apex" */ = {
			isa = XCConfigurationList;
			buildConfigurations = (
				090569741E79C5DD00C3A4A8 /* Debug */,
				090569751E79C5DD00C3A4A8 /* Release */,
			);
			defaultConfigurationIsVisible = 0;
			defaultConfigurationName = Release;
		};
		090569761E79C5DD00C3A4A8 /* Build configuration list for PBXNativeTarget "Apex" */ = {
			isa = XCConfigurationList;
			buildConfigurations = (
				090569771E79C5DD00C3A4A8 /* Debug */,
				090569781E79C5DD00C3A4A8 /* Release */,
			);
			defaultConfigurationIsVisible = 0;
			defaultConfigurationName = Release;
		};
		090569791E79C5DD00C3A4A8 /* Build configuration list for PBXNativeTarget "ApexTests" */ = {
			isa = XCConfigurationList;
			buildConfigurations = (
				0905697A1E79C5DD00C3A4A8 /* Debug */,
				0905697B1E79C5DD00C3A4A8 /* Release */,
			);
			defaultConfigurationIsVisible = 0;
			defaultConfigurationName = Release;
		};
		72BB6C7C1F251A6A00C42AF1 /* Build configuration list for PBXNativeTarget "ApexRecorder" */ = {
			isa = XCConfigurationList;
			buildConfigurations = (
				72BB6C7D1F251A6A00C42AF1 /* Debug */,
				72BB6C7E1F251A6A00C42AF1 /* Release */,
			);
			defaultConfigurationIsVisible = 0;
			defaultConfigurationName = Release;
		};
/* End XCConfigurationList section */
	};
	rootObject = 090569591E79C5DC00C3A4A8 /* Project object */;
}
